
Microsoft Visual Studio Solution File, Format Version 12.00
# Visual Studio 14
VisualStudioVersion = 14.0.25420.1
MinimumVisualStudioVersion = 10.0.40219.1
Project("{FAE04EC0-301F-11D3-BF4B-00C04F79EFBC}") = "DrvSBPL_C", "DrvSBPL_C\DrvSBPL_C.csproj", "{512517DD-C658-4C66-894F-45A883E980B5}"
EndProject
Project("{FAE04EC0-301F-11D3-BF4B-00C04F79EFBC}") = "DllSBPL_C", "Dll_C#\DllSBPL_C\DllSBPL_C.csproj", "{F46F185E-050B-499D-B69A-53657420B285}"
EndProject
Global
	GlobalSection(SolutionConfigurationPlatforms) = preSolution
		Debug|Any CPU = Debug|Any CPU
		Release|Any CPU = Release|Any CPU
	EndGlobalSection
	GlobalSection(ProjectConfigurationPlatforms) = postSolution
		{512517DD-C658-4C66-894F-45A883E980B5}.Debug|Any CPU.ActiveCfg = Debug|Any CPU
		{512517DD-C658-4C66-894F-45A883E980B5}.Debug|Any CPU.Build.0 = Debug|Any CPU
		{512517DD-C658-4C66-894F-45A883E980B5}.Release|Any CPU.ActiveCfg = Release|Any CPU
		{512517DD-C658-4C66-894F-45A883E980B5}.Release|Any CPU.Build.0 = Release|Any CPU
		{F46F185E-050B-499D-B69A-53657420B285}.Debug|Any CPU.ActiveCfg = Debug|Any CPU
		{F46F185E-050B-499D-B69A-53657420B285}.Debug|Any CPU.Build.0 = Debug|Any CPU
		{F46F185E-050B-499D-B69A-53657420B285}.Release|Any CPU.ActiveCfg = Release|Any CPU
		{F46F185E-050B-499D-B69A-53657420B285}.Release|Any CPU.Build.0 = Release|Any CPU
	EndGlobalSection
	GlobalSection(SolutionProperties) = preSolution
		HideSolutionNode = FALSE
	EndGlobalSection
EndGlobal
